
Microsoft Visual Studio Solution File, Format Version 12.00
# Visual Studio Version 17
VisualStudioVersion = 17.3.32901.215
MinimumVisualStudioVersion = 10.0.40219.1
Project("{FAE04EC0-301F-11D3-BF4B-00C04F79EFBC}") = "EditionLab", "EditionLab\EditionLab.csproj", "{B724CA81-054E-4214-93D5-7A7370A22C73}"
EndProject
Global
	GlobalSection(SolutionConfigurationPlatforms) = preSolution
		Debug|Any CPU = Debug|Any CPU
		Release|Any CPU = Release|Any CPU
	EndGlobalSection
	GlobalSection(ProjectConfigurationPlatforms) = postSolution
		{B724CA81-054E-4214-93D5-7A7370A22C73}.Debug|Any CPU.ActiveCfg = Debug|Any CPU
		{B724CA81-054E-4214-93D5-7A7370A22C73}.Debug|Any CPU.Build.0 = Debug|Any CPU
		{B724CA81-054E-4214-93D5-7A7370A22C73}.Release|Any CPU.ActiveCfg = Release|Any CPU
		{B724CA81-054E-4214-93D5-7A7370A22C73}.Release|Any CPU.Build.0 = Release|Any CPU
	EndGlobalSection
	GlobalSection(SolutionProperties) = preSolution
		HideSolutionNode = FALSE
	EndGlobalSection
	GlobalSection(ExtensibilityGlobals) = postSolution
		SolutionGuid = {DA91E87A-D1FF-4F03-ACEF-4796815A1E29}
	EndGlobalSection
EndGlobal
